
Microsoft Visual Studio Solution File, Format Version 12.00
# Visual Studio Version 16
VisualStudioVersion = 16.0.31005.135
MinimumVisualStudioVersion = 10.0.40219.1
Project("{FAE04EC0-301F-11D3-BF4B-00C04F79EFBC}") = "PlatoVoiturage1.Android", "PlatoVoiturage1\PlatoVoiturage1.Android\PlatoVoiturage1.Android.csproj", "{B7027806-CE94-485B-BF75-B5DDF1F35D5C}"
EndProject
Project("{FAE04EC0-301F-11D3-BF4B-00C04F79EFBC}") = "PlatoVoiturage1.iOS", "PlatoVoiturage1\PlatoVoiturage1.iOS\PlatoVoiturage1.iOS.csproj", "{4BCD4DCC-17E9-45EE-A2EB-17B7F1AA1CEC}"
EndProject
Project("{FAE04EC0-301F-11D3-BF4B-00C04F79EFBC}") = "PlatoVoiturage1", "PlatoVoiturage1\PlatoVoiturage1\PlatoVoiturage1.csproj", "{426CD6AC-E383-418E-88D1-D2C9E8E02735}"
EndProject
Global
	GlobalSection(SolutionConfigurationPlatforms) = preSolution
		Debug|Any CPU = Debug|Any CPU
		Debug|iPhone = Debug|iPhone
		Debug|iPhoneSimulator = Debug|iPhoneSimulator
		Release|Any CPU = Release|Any CPU
		Release|iPhone = Release|iPhone
		Release|iPhoneSimulator = Release|iPhoneSimulator
	EndGlobalSection
	GlobalSection(ProjectConfigurationPlatforms) = postSolution
		{B7027806-CE94-485B-BF75-B5DDF1F35D5C}.Debug|Any CPU.ActiveCfg = Debug|Any CPU
		{B7027806-CE94-485B-BF75-B5DDF1F35D5C}.Debug|Any CPU.Build.0 = Debug|Any CPU
		{B7027806-CE94-485B-BF75-B5DDF1F35D5C}.Debug|Any CPU.Deploy.0 = Debug|Any CPU
		{B7027806-CE94-485B-BF75-B5DDF1F35D5C}.Debug|iPhone.ActiveCfg = Debug|Any CPU
		{B7027806-CE94-485B-BF75-B5DDF1F35D5C}.Debug|iPhone.Build.0 = Debug|Any CPU
		{B7027806-CE94-485B-BF75-B5DDF1F35D5C}.Debug|iPhone.Deploy.0 = Debug|Any CPU
		{B7027806-CE94-485B-BF75-B5DDF1F35D5C}.Debug|iPhoneSimulator.ActiveCfg = Debug|Any CPU
		{B7027806-CE94-485B-BF75-B5DDF1F35D5C}.Debug|iPhoneSimulator.Build.0 = Debug|Any CPU
		{B7027806-CE94-485B-BF75-B5DDF1F35D5C}.Debug|iPhoneSimulator.Deploy.0 = Debug|Any CPU
		{B7027806-CE94-485B-BF75-B5DDF1F35D5C}.Release|Any CPU.ActiveCfg = Release|Any CPU
		{B7027806-CE94-485B-BF75-B5DDF1F35D5C}.Release|Any CPU.Build.0 = Release|Any CPU
		{B7027806-CE94-485B-BF75-B5DDF1F35D5C}.Release|Any CPU.Deploy.0 = Release|Any CPU
		{B7027806-CE94-485B-BF75-B5DDF1F35D5C}.Release|iPhone.ActiveCfg = Release|Any CPU
		{B7027806-CE94-485B-BF75-B5DDF1F35D5C}.Release|iPhone.Build.0 = Release|Any CPU
		{B7027806-CE94-485B-BF75-B5DDF1F35D5C}.Release|iPhone.Deploy.0 = Release|Any CPU
		{B7027806-CE94-485B-BF75-B5DDF1F35D5C}.Release|iPhoneSimulator.ActiveCfg = Release|Any CPU
		{B7027806-CE94-485B-BF75-B5DDF1F35D5C}.Release|iPhoneSimulator.Build.0 = Release|Any CPU
		{B7027806-CE94-485B-BF75-B5DDF1F35D5C}.Release|iPhoneSimulator.Deploy.0 = Release|Any CPU
		{4BCD4DCC-17E9-45EE-A2EB-17B7F1AA1CEC}.Debug|Any CPU.ActiveCfg = Debug|iPhone
		{4BCD4DCC-17E9-45EE-A2EB-17B7F1AA1CEC}.Debug|Any CPU.Build.0 = Debug|iPhone
		{4BCD4DCC-17E9-45EE-A2EB-17B7F1AA1CEC}.Debug|Any CPU.Deploy.0 = Debug|iPhone
		{4BCD4DCC-17E9-45EE-A2EB-17B7F1AA1CEC}.Debug|iPhone.ActiveCfg = Debug|iPhone
		{4BCD4DCC-17E9-45EE-A2EB-17B7F1AA1CEC}.Debug|iPhone.Build.0 = Debug|iPhone
		{4BCD4DCC-17E9-45EE-A2EB-17B7F1AA1CEC}.Debug|iPhone.Deploy.0 = Debug|iPhone
		{4BCD4DCC-17E9-45EE-A2EB-17B7F1AA1CEC}.Debug|iPhoneSimulator.ActiveCfg = Debug|iPhoneSimulator
		{4BCD4DCC-17E9-45EE-A2EB-17B7F1AA1CEC}.Debug|iPhoneSimulator.Build.0 = Debug|iPhoneSimulator
		{4BCD4DCC-17E9-45EE-A2EB-17B7F1AA1CEC}.Debug|iPhoneSimulator.Deploy.0 = Debug|iPhoneSimulator
		{4BCD4DCC-17E9-45EE-A2EB-17B7F1AA1CEC}.Release|Any CPU.ActiveCfg = Release|iPhoneSimulator
		{4BCD4DCC-17E9-45EE-A2EB-17B7F1AA1CEC}.Release|Any CPU.Build.0 = Release|iPhoneSimulator
		{4BCD4DCC-17E9-45EE-A2EB-17B7F1AA1CEC}.Release|Any CPU.Deploy.0 = Release|iPhoneSimulator
		{4BCD4DCC-17E9-45EE-A2EB-17B7F1AA1CEC}.Release|iPhone.ActiveCfg = Release|iPhone
		{4BCD4DCC-17E9-45EE-A2EB-17B7F1AA1CEC}.Release|iPhone.Build.0 = Release|iPhone
		{4BCD4DCC-17E9-45EE-A2EB-17B7F1AA1CEC}.Release|iPhone.Deploy.0 = Release|iPhone
		{4BCD4DCC-17E9-45EE-A2EB-17B7F1AA1CEC}.Release|iPhoneSimulator.ActiveCfg = Release|iPhoneSimulator
		{4BCD4DCC-17E9-45EE-A2EB-17B7F1AA1CEC}.Release|iPhoneSimulator.Build.0 = Release|iPhoneSimulator
		{4BCD4DCC-17E9-45EE-A2EB-17B7F1AA1CEC}.Release|iPhoneSimulator.Deploy.0 = Release|iPhoneSimulator
		{426CD6AC-E383-418E-88D1-D2C9E8E02735}.Debug|Any CPU.ActiveCfg = Debug|Any CPU
		{426CD6AC-E383-418E-88D1-D2C9E8E02735}.Debug|Any CPU.Build.0 = Debug|Any CPU
		{426CD6AC-E383-418E-88D1-D2C9E8E02735}.Debug|Any CPU.Deploy.0 = Debug|Any CPU
		{426CD6AC-E383-418E-88D1-D2C9E8E02735}.Debug|iPhone.ActiveCfg = Debug|Any CPU
		{426CD6AC-E383-418E-88D1-D2C9E8E02735}.Debug|iPhone.Build.0 = Debug|Any CPU
		{426CD6AC-E383-418E-88D1-D2C9E8E02735}.Debug|iPhone.Deploy.0 = Debug|Any CPU
		{426CD6AC-E383-418E-88D1-D2C9E8E02735}.Debug|iPhoneSimulator.ActiveCfg = Debug|Any CPU
		{426CD6AC-E383-418E-88D1-D2C9E8E02735}.Debug|iPhoneSimulator.Build.0 = Debug|Any CPU
		{426CD6AC-E383-418E-88D1-D2C9E8E02735}.Debug|iPhoneSimulator.Deploy.0 = Debug|Any CPU
		{426CD6AC-E383-418E-88D1-D2C9E8E02735}.Release|Any CPU.ActiveCfg = Release|Any CPU
		{426CD6AC-E383-418E-88D1-D2C9E8E02735}.Release|Any CPU.Build.0 = Release|Any CPU
		{426CD6AC-E383-418E-88D1-D2C9E8E02735}.Release|Any CPU.Deploy.0 = Release|Any CPU
		{426CD6AC-E383-418E-88D1-D2C9E8E02735}.Release|iPhone.ActiveCfg = Release|Any CPU
		{426CD6AC-E383-418E-88D1-D2C9E8E02735}.Release|iPhone.Build.0 = Release|Any CPU
		{426CD6AC-E383-418E-88D1-D2C9E8E02735}.Release|iPhone.Deploy.0 = Release|Any CPU
		{426CD6AC-E383-418E-88D1-D2C9E8E02735}.Release|iPhoneSimulator.ActiveCfg = Release|Any CPU
		{426CD6AC-E383-418E-88D1-D2C9E8E02735}.Release|iPhoneSimulator.Build.0 = Release|Any CPU
		{426CD6AC-E383-418E-88D1-D2C9E8E02735}.Release|iPhoneSimulator.Deploy.0 = Release|Any CPU
	EndGlobalSection
	GlobalSection(SolutionProperties) = preSolution
		HideSolutionNode = FALSE
	EndGlobalSection
	GlobalSection(ExtensibilityGlobals) = postSolution
		SolutionGuid = {32EA70E9-67FD-421C-A802-BBF7BF613D77}
	EndGlobalSection
EndGlobal
